// !$*UTF8*$!
{
	archiveVersion = 1;
	classes = {
	};
	objectVersion = 50;
	objects = {

/* Begin PBXBuildFile section */
		2A2F130221C7CCA800A95AB9 /* AppDelegate.swift in Sources */ = {isa = PBXBuildFile; fileRef = 2A2F130121C7CCA800A95AB9 /* AppDelegate.swift */; };
		2A2F130621C7CCA800A95AB9 /* Assets.xcassets in Resources */ = {isa = PBXBuildFile; fileRef = 2A2F130521C7CCA800A95AB9 /* Assets.xcassets */; };
		2A2F130921C7CCA800A95AB9 /* Main.storyboard in Resources */ = {isa = PBXBuildFile; fileRef = 2A2F130721C7CCA800A95AB9 /* Main.storyboard */; };
		2AA79C7B21CB738C005AD6AD /* PreferencesWindow.swift in Sources */ = {isa = PBXBuildFile; fileRef = 2AA79C7A21CB738C005AD6AD /* PreferencesWindow.swift */; };
		2ADBC91121C8D3DD00B884FF /* Preferences.storyboard in Resources */ = {isa = PBXBuildFile; fileRef = 2ADBC90F21C8D3DD00B884FF /* Preferences.storyboard */; };
		2ADBC91321C8D66C00B884FF /* PreferencesTabViewController.swift in Sources */ = {isa = PBXBuildFile; fileRef = 2ADBC91221C8D66C00B884FF /* PreferencesTabViewController.swift */; };
/* End PBXBuildFile section */

/* Begin PBXFileReference section */
		2A2F12FE21C7CCA800A95AB9 /* Preferences Demo.app */ = {isa = PBXFileReference; explicitFileType = wrapper.application; includeInIndex = 0; path = "Preferences Demo.app"; sourceTree = BUILT_PRODUCTS_DIR; };
		2A2F130121C7CCA800A95AB9 /* AppDelegate.swift */ = {isa = PBXFileReference; lastKnownFileType = sourcecode.swift; path = AppDelegate.swift; sourceTree = "<group>"; };
		2A2F130521C7CCA800A95AB9 /* Assets.xcassets */ = {isa = PBXFileReference; lastKnownFileType = folder.assetcatalog; path = Assets.xcassets; sourceTree = "<group>"; };
		2A2F130821C7CCA800A95AB9 /* Base */ = {isa = PBXFileReference; lastKnownFileType = file.storyboard; name = Base; path = Base.lproj/Main.storyboard; sourceTree = "<group>"; };
		2A2F130A21C7CCA800A95AB9 /* Info.plist */ = {isa = PBXFileReference; lastKnownFileType = text.plist.xml; path = Info.plist; sourceTree = "<group>"; };
		2AA79C7A21CB738C005AD6AD /* PreferencesWindow.swift */ = {isa = PBXFileReference; lastKnownFileType = sourcecode.swift; path = PreferencesWindow.swift; sourceTree = "<group>"; };
		2ADBC91021C8D3DD00B884FF /* Base */ = {isa = PBXFileReference; lastKnownFileType = file.storyboard; name = Base; path = Base.lproj/Preferences.storyboard; sourceTree = "<group>"; };
		2ADBC91221C8D66C00B884FF /* PreferencesTabViewController.swift */ = {isa = PBXFileReference; lastKnownFileType = sourcecode.swift; path = PreferencesTabViewController.swift; sourceTree = "<group>"; };
/* End PBXFileReference section */

/* Begin PBXGroup section */
		2A2F12F521C7CCA800A95AB9 = {
			isa = PBXGroup;
			children = (
				2A2F130021C7CCA800A95AB9 /* Preferences Demo */,
				2A2F12FF21C7CCA800A95AB9 /* Products */,
			);
			sourceTree = "<group>";
		};
		2A2F12FF21C7CCA800A95AB9 /* Products */ = {
			isa = PBXGroup;
			children = (
				2A2F12FE21C7CCA800A95AB9 /* Preferences Demo.app */,
			);
			name = Products;
			sourceTree = "<group>";
		};
		2A2F130021C7CCA800A95AB9 /* Preferences Demo */ = {
			isa = PBXGroup;
			children = (
				2A2F130121C7CCA800A95AB9 /* AppDelegate.swift */,
				2ADBC91221C8D66C00B884FF /* PreferencesTabViewController.swift */,
				2AA79C7A21CB738C005AD6AD /* PreferencesWindow.swift */,
				2A2F130721C7CCA800A95AB9 /* Main.storyboard */,
				2ADBC90F21C8D3DD00B884FF /* Preferences.storyboard */,
				2A2F130521C7CCA800A95AB9 /* Assets.xcassets */,
				2A2F130A21C7CCA800A95AB9 /* Info.plist */,
			);
			path = "Preferences Demo";
			sourceTree = "<group>";
		};
/* End PBXGroup section */

/* Begin PBXNativeTarget section */
		2A2F12FD21C7CCA800A95AB9 /* Preferences Demo */ = {
			isa = PBXNativeTarget;
			buildConfigurationList = 2A2F130E21C7CCA800A95AB9 /* Build configuration list for PBXNativeTarget "Preferences Demo" */;
			buildPhases = (
				2A2F12FA21C7CCA800A95AB9 /* Sources */,
				2A2F12FC21C7CCA800A95AB9 /* Resources */,
			);
			buildRules = (
			);
			dependencies = (
			);
			name = "Preferences Demo";
			productName = SimplePreferences;
			productReference = 2A2F12FE21C7CCA800A95AB9 /* Preferences Demo.app */;
			productType = "com.apple.product-type.application";
		};
/* End PBXNativeTarget section */

/* Begin PBXProject section */
		2A2F12F621C7CCA800A95AB9 /* Project object */ = {
			isa = PBXProject;
			attributes = {
				LastSwiftUpdateCheck = 1010;
				LastUpgradeCheck = 1010;
				ORGANIZATIONNAME = 1024jp;
				TargetAttributes = {
					2A2F12FD21C7CCA800A95AB9 = {
						CreatedOnToolsVersion = 10.1;
					};
				};
			};
			buildConfigurationList = 2A2F12F921C7CCA800A95AB9 /* Build configuration list for PBXProject "Preferences Demo" */;
			compatibilityVersion = "Xcode 9.3";
			developmentRegion = en;
			hasScannedForEncodings = 0;
			knownRegions = (
				en,
				Base,
			);
			mainGroup = 2A2F12F521C7CCA800A95AB9;
			productRefGroup = 2A2F12FF21C7CCA800A95AB9 /* Products */;
			projectDirPath = "";
			projectRoot = "";
			targets = (
				2A2F12FD21C7CCA800A95AB9 /* Preferences Demo */,
			);
		};
/* End PBXProject section */

/* Begin PBXResourcesBuildPhase section */
		2A2F12FC21C7CCA800A95AB9 /* Resources */ = {
			isa = PBXResourcesBuildPhase;
			buildActionMask = 2147483647;
			files = (
				2ADBC91121C8D3DD00B884FF /* Preferences.storyboard in Resources */,
				2A2F130621C7CCA800A95AB9 /* Assets.xcassets in Resources */,
				2A2F130921C7CCA800A95AB9 /* Main.storyboard in Resources */,
			);
			runOnlyForDeploymentPostprocessing = 0;
		};
/* End PBXResourcesBuildPhase section */

/* Begin PBXSourcesBuildPhase section */
		2A2F12FA21C7CCA800A95AB9 /* Sources */ = {
			isa = PBXSourcesBuildPhase;
			buildActionMask = 2147483647;
			files = (
				2A2F130221C7CCA800A95AB9 /* AppDelegate.swift in Sources */,
				2AA79C7B21CB738C005AD6AD /* PreferencesWindow.swift in Sources */,
				2ADBC91321C8D66C00B884FF /* PreferencesTabViewController.swift in Sources */,
			);
			runOnlyForDeploymentPostprocessing = 0;
		};
/* End PBXSourcesBuildPhase section */

/* Begin PBXVariantGroup section */
		2A2F130721C7CCA800A95AB9 /* Main.storyboard */ = {
			isa = PBXVariantGroup;
			children = (
				2A2F130821C7CCA800A95AB9 /* Base */,
			);
			name = Main.storyboard;
			sourceTree = "<group>";
		};
		2ADBC90F21C8D3DD00B884FF /* Preferences.storyboard */ = {
			isa = PBXVariantGroup;
			children = (
				2ADBC91021C8D3DD00B884FF /* Base */,
			);
			name = Preferences.storyboard;
			sourceTree = "<group>";
		};
/* End PBXVariantGroup section */

/* Begin XCBuildConfiguration section */
		2A2F130C21C7CCA800A95AB9 /* Debug */ = {
			isa = XCBuildConfiguration;
			buildSettings = {
				ALWAYS_SEARCH_USER_PATHS = NO;
				CLANG_ANALYZER_NONNULL = YES;
				CLANG_ANALYZER_NUMBER_OBJECT_CONVERSION = YES_AGGRESSIVE;
				CLANG_CXX_LANGUAGE_STANDARD = "gnu++14";
				CLANG_CXX_LIBRARY = "libc++";
				CLANG_ENABLE_MODULES = YES;
				CLANG_ENABLE_OBJC_ARC = YES;
				CLANG_ENABLE_OBJC_WEAK = YES;
				CLANG_WARN_BLOCK_CAPTURE_AUTORELEASING = YES;
				CLANG_WARN_BOOL_CONVERSION = YES;
				CLANG_WARN_COMMA = YES;
				CLANG_WARN_CONSTANT_CONVERSION = YES;
				CLANG_WARN_DEPRECATED_OBJC_IMPLEMENTATIONS = YES;
				CLANG_WARN_DIRECT_OBJC_ISA_USAGE = YES_ERROR;
				CLANG_WARN_DOCUMENTATION_COMMENTS = YES;
				CLANG_WARN_EMPTY_BODY = YES;
				CLANG_WARN_ENUM_CONVERSION = YES;
				CLANG_WARN_INFINITE_RECURSION = YES;
				CLANG_WARN_INT_CONVERSION = YES;
				CLANG_WARN_NON_LITERAL_NULL_CONVERSION = YES;
				CLANG_WARN_OBJC_IMPLICIT_RETAIN_SELF = YES;
				CLANG_WARN_OBJC_LITERAL_CONVERSION = YES;
				CLANG_WARN_OBJC_ROOT_CLASS = YES_ERROR;
				CLANG_WARN_RANGE_LOOP_ANALYSIS = YES;
				CLANG_WARN_STRICT_PROTOTYPES = YES;
				CLANG_WARN_SUSPICIOUS_MOVE = YES;
				CLANG_WARN_UNGUARDED_AVAILABILITY = YES_AGGRESSIVE;
				CLANG_WARN_UNREACHABLE_CODE = YES;
				CLANG_WARN__DUPLICATE_METHOD_MATCH = YES;
				CODE_SIGN_IDENTITY = "Mac Developer";
				COPY_PHASE_STRIP = NO;
				DEBUG_INFORMATION_FORMAT = dwarf;
				ENABLE_STRICT_OBJC_MSGSEND = YES;
				ENABLE_TESTABILITY = YES;
				GCC_C_LANGUAGE_STANDARD = gnu11;
				GCC_DYNAMIC_NO_PIC = NO;
				GCC_NO_COMMON_BLOCKS = YES;
				GCC_OPTIMIZATION_LEVEL = 0;
				GCC_PREPROCESSOR_DEFINITIONS = (
					"DEBUG=1",
					"$(inherited)",
				);
				GCC_WARN_64_TO_32_BIT_CONVERSION = YES;
				GCC_WARN_ABOUT_RETURN_TYPE = YES_ERROR;
				GCC_WARN_UNDECLARED_SELECTOR = YES;
				GCC_WARN_UNINITIALIZED_AUTOS = YES_AGGRESSIVE;
				GCC_WARN_UNUSED_FUNCTION = YES;
				GCC_WARN_UNUSED_VARIABLE = YES;
				MACOSX_DEPLOYMENT_TARGET = 10.13;
				MTL_ENABLE_DEBUG_INFO = INCLUDE_SOURCE;
				MTL_FAST_MATH = YES;
				ONLY_ACTIVE_ARCH = YES;
				SDKROOT = macosx;
				SWIFT_ACTIVE_COMPILATION_CONDITIONS = DEBUG;
				SWIFT_OPTIMIZATION_LEVEL = "-Onone";
				SWIFT_VERSION = 4.2;
			};
			name = Debug;
		};
		2A2F130D21C7CCA800A95AB9 /* Release */ = {
			isa = XCBuildConfiguration;
			buildSettings = {
				ALWAYS_SEARCH_USER_PATHS = NO;
				CLANG_ANALYZER_NONNULL = YES;
				CLANG_ANALYZER_NUMBER_OBJECT_CONVERSION = YES_AGGRESSIVE;
				CLANG_CXX_LANGUAGE_STANDARD = "gnu++14";
				CLANG_CXX_LIBRARY = "libc++";
				CLANG_ENABLE_MODULES = YES;
				CLANG_ENABLE_OBJC_ARC = YES;
				CLANG_ENABLE_OBJC_WEAK = YES;
				CLANG_WARN_BLOCK_CAPTURE_AUTORELEASING = YES;
				CLANG_WARN_BOOL_CONVERSION = YES;
				CLANG_WARN_COMMA = YES;
				CLANG_WARN_CONSTANT_CONVERSION = YES;
				CLANG_WARN_DEPRECATED_OBJC_IMPLEMENTATIONS = YES;
				CLANG_WARN_DIRECT_OBJC_ISA_USAGE = YES_ERROR;
				CLANG_WARN_DOCUMENTATION_COMMENTS = YES;
				CLANG_WARN_EMPTY_BODY = YES;
				CLANG_WARN_ENUM_CONVERSION = YES;
				CLANG_WARN_INFINITE_RECURSION = YES;
				CLANG_WARN_INT_CONVERSION = YES;
				CLANG_WARN_NON_LITERAL_NULL_CONVERSION = YES;
				CLANG_WARN_OBJC_IMPLICIT_RETAIN_SELF = YES;
				CLANG_WARN_OBJC_LITERAL_CONVERSION = YES;
				CLANG_WARN_OBJC_ROOT_CLASS = YES_ERROR;
				CLANG_WARN_RANGE_LOOP_ANALYSIS = YES;
				CLANG_WARN_STRICT_PROTOTYPES = YES;
				CLANG_WARN_SUSPICIOUS_MOVE = YES;
				CLANG_WARN_UNGUARDED_AVAILABILITY = YES_AGGRESSIVE;
				CLANG_WARN_UNREACHABLE_CODE = YES;
				CLANG_WARN__DUPLICATE_METHOD_MATCH = YES;
				CODE_SIGN_IDENTITY = "Mac Developer";
				COPY_PHASE_STRIP = NO;
				DEBUG_INFORMATION_FORMAT = "dwarf-with-dsym";
				ENABLE_NS_ASSERTIONS = NO;
				ENABLE_STRICT_OBJC_MSGSEND = YES;
				GCC_C_LANGUAGE_STANDARD = gnu11;
				GCC_NO_COMMON_BLOCKS = YES;
				GCC_WARN_64_TO_32_BIT_CONVERSION = YES;
				GCC_WARN_ABOUT_RETURN_TYPE = YES_ERROR;
				GCC_WARN_UNDECLARED_SELECTOR = YES;
				GCC_WARN_UNINITIALIZED_AUTOS = YES_AGGRESSIVE;
				GCC_WARN_UNUSED_FUNCTION = YES;
				GCC_WARN_UNUSED_VARIABLE = YES;
				MACOSX_DEPLOYMENT_TARGET = 10.13;
				MTL_ENABLE_DEBUG_INFO = NO;
				MTL_FAST_MATH = YES;
				SDKROOT = macosx;
				SWIFT_COMPILATION_MODE = wholemodule;
				SWIFT_OPTIMIZATION_LEVEL = "-O";
				SWIFT_VERSION = 4.2;
			};
			name = Release;
		};
		2A2F130F21C7CCA800A95AB9 /* Debug */ = {
			isa = XCBuildConfiguration;
			buildSettings = {
				ASSETCATALOG_COMPILER_APPICON_NAME = AppIcon;
				CODE_SIGN_STYLE = Automatic;
				DEVELOPMENT_TEAM = HT3Z3A72WZ;
				INFOPLIST_FILE = "Preferences Demo/Info.plist";
				LD_RUNPATH_SEARCH_PATHS = (
					"$(inherited)",
					"@executable_path/../Frameworks",
				);
				PRODUCT_BUNDLE_IDENTIFIER = "com.wolfrosch.Preferences-Demo";
				PRODUCT_NAME = "$(TARGET_NAME)";
			};
			name = Debug;
		};
		2A2F131021C7CCA800A95AB9 /* Release */ = {
			isa = XCBuildConfiguration;
			buildSettings = {
				ASSETCATALOG_COMPILER_APPICON_NAME = AppIcon;
				CODE_SIGN_STYLE = Automatic;
				DEVELOPMENT_TEAM = HT3Z3A72WZ;
				INFOPLIST_FILE = "Preferences Demo/Info.plist";
				LD_RUNPATH_SEARCH_PATHS = (
					"$(inherited)",
					"@executable_path/../Frameworks",
				);
				PRODUCT_BUNDLE_IDENTIFIER = "com.wolfrosch.Preferences-Demo";
				PRODUCT_NAME = "$(TARGET_NAME)";
			};
			name = Release;
		};
/* End XCBuildConfiguration section */

/* Begin XCConfigurationList section */
		2A2F12F921C7CCA800A95AB9 /* Build configuration list for PBXProject "Preferences Demo" */ = {
			isa = XCConfigurationList;
			buildConfigurations = (
				2A2F130C21C7CCA800A95AB9 /* Debug */,
				2A2F130D21C7CCA800A95AB9 /* Release */,
			);
			defaultConfigurationIsVisible = 0;
			defaultConfigurationName = Release;
		};
		2A2F130E21C7CCA800A95AB9 /* Build configuration list for PBXNativeTarget "Preferences Demo" */ = {
			isa = XCConfigurationList;
			buildConfigurations = (
				2A2F130F21C7CCA800A95AB9 /* Debug */,
				2A2F131021C7CCA800A95AB9 /* Release */,
			);
			defaultConfigurationIsVisible = 0;
			defaultConfigurationName = Release;
		};
/* End XCConfigurationList section */
	};
	rootObject = 2A2F12F621C7CCA800A95AB9 /* Project object */;
}
